// !$*UTF8*$!
{
	archiveVersion = 1;
	classes = {
	};
	objectVersion = 56;
	objects = {

/* Begin PBXBuildFile section */
		AA000001AAAAAA0100000001 /* FlowApp.swift in Sources */ = {isa = PBXBuildFile; fileRef = AA000002AAAAAA0200000002 /* FlowApp.swift */; };
		AA000003AAAAAA0300000003 /* Assets.xcassets in Resources */ = {isa = PBXBuildFile; fileRef = AA000004AAAAAA0400000004 /* Assets.xcassets */; };
		AA000005AAAAAA0500000005 /* Settings.swift in Sources */ = {isa = PBXBuildFile; fileRef = AA000006AAAAAA0600000006 /* Settings.swift */; };
		AA000007AAAAAA0700000007 /* TimerState.swift in Sources */ = {isa = PBXBuildFile; fileRef = AA000008AAAAAA0800000008 /* TimerState.swift */; };
		AA000009AAAAAA0900000009 /* TimerManager.swift in Sources */ = {isa = PBXBuildFile; fileRef = AA00000AAAAAAA0A0000000A /* TimerManager.swift */; };
		AA00000BAAAAAA0B0000000B /* MenuBarView.swift in Sources */ = {isa = PBXBuildFile; fileRef = AA00000CAAAAAA0C0000000C /* MenuBarView.swift */; };
		AA00000DAAAAAA0D0000000D /* MainWindowView.swift in Sources */ = {isa = PBXBuildFile; fileRef = AA00000EAAAAAA0E0000000E /* MainWindowView.swift */; };
		AA000024AAAAAA2400000024 /* SettingsTabView.swift in Sources */ = {isa = PBXBuildFile; fileRef = AA000025AAAAAA2500000025 /* SettingsTabView.swift */; };
		AA000026AAAAAA2600000026 /* ContentContainerView.swift in Sources */ = {isa = PBXBuildFile; fileRef = AA000027AAAAAA2700000027 /* ContentContainerView.swift */; };
/* End PBXBuildFile section */

/* Begin PBXFileReference section */
		AA000011AAAAAA1100000011 /* Flow.app */ = {isa = PBXFileReference; explicitFileType = wrapper.application; includeInIndex = 0; path = Flow.app; sourceTree = BUILT_PRODUCTS_DIR; };
		AA000002AAAAAA0200000002 /* FlowApp.swift */ = {isa = PBXFileReference; lastKnownFileType = sourcecode.swift; path = FlowApp.swift; sourceTree = "<group>"; };
		AA000004AAAAAA0400000004 /* Assets.xcassets */ = {isa = PBXFileReference; lastKnownFileType = folder.assetcatalog; path = Assets.xcassets; sourceTree = "<group>"; };
		AA000012AAAAAA1200000012 /* Flow.entitlements */ = {isa = PBXFileReference; lastKnownFileType = text.plist.entitlements; path = Flow.entitlements; sourceTree = "<group>"; };
		AA000006AAAAAA0600000006 /* Settings.swift */ = {isa = PBXFileReference; lastKnownFileType = sourcecode.swift; path = Settings.swift; sourceTree = "<group>"; };
		AA000008AAAAAA0800000008 /* TimerState.swift */ = {isa = PBXFileReference; lastKnownFileType = sourcecode.swift; path = TimerState.swift; sourceTree = "<group>"; };
		AA00000AAAAAAA0A0000000A /* TimerManager.swift */ = {isa = PBXFileReference; lastKnownFileType = sourcecode.swift; path = TimerManager.swift; sourceTree = "<group>"; };
		AA00000CAAAAAA0C0000000C /* MenuBarView.swift */ = {isa = PBXFileReference; lastKnownFileType = sourcecode.swift; path = MenuBarView.swift; sourceTree = "<group>"; };
		AA00000EAAAAAA0E0000000E /* MainWindowView.swift */ = {isa = PBXFileReference; lastKnownFileType = sourcecode.swift; path = MainWindowView.swift; sourceTree = "<group>"; };
		AA000025AAAAAA2500000025 /* SettingsTabView.swift */ = {isa = PBXFileReference; lastKnownFileType = sourcecode.swift; path = SettingsTabView.swift; sourceTree = "<group>"; };
		AA000027AAAAAA2700000027 /* ContentContainerView.swift */ = {isa = PBXFileReference; lastKnownFileType = sourcecode.swift; path = ContentContainerView.swift; sourceTree = "<group>"; };
/* End PBXFileReference section */

/* Begin PBXFrameworksBuildPhase section */
		AA000013AAAAAA1300000013 /* Frameworks */ = {
			isa = PBXFrameworksBuildPhase;
			buildActionMask = 2147483647;
			files = (
			);
			runOnlyForDeploymentPostprocessing = 0;
		};
/* End PBXFrameworksBuildPhase section */

/* Begin PBXGroup section */
		AA000014AAAAAA1400000014 = {
			isa = PBXGroup;
			children = (
				AA000015AAAAAA1500000015 /* Flow */,
				AA000016AAAAAA1600000016 /* Products */,
			);
			sourceTree = "<group>";
		};
		AA000016AAAAAA1600000016 /* Products */ = {
			isa = PBXGroup;
			children = (
				AA000011AAAAAA1100000011 /* Flow.app */,
			);
			name = Products;
			sourceTree = "<group>";
		};
		AA000015AAAAAA1500000015 /* Flow */ = {
			isa = PBXGroup;
			children = (
				AA000002AAAAAA0200000002 /* FlowApp.swift */,
				AA000017AAAAAA1700000017 /* Models */,
				AA000018AAAAAA1800000018 /* Views */,
				AA000019AAAAAA1900000019 /* Managers */,
				AA000004AAAAAA0400000004 /* Assets.xcassets */,
				AA000012AAAAAA1200000012 /* Flow.entitlements */,
			);
			path = Flow;
			sourceTree = "<group>";
		};
		AA000017AAAAAA1700000017 /* Models */ = {
			isa = PBXGroup;
			children = (
				AA000006AAAAAA0600000006 /* Settings.swift */,
				AA000008AAAAAA0800000008 /* TimerState.swift */,
			);
			path = Models;
			sourceTree = "<group>";
		};
		AA000018AAAAAA1800000018 /* Views */ = {
			isa = PBXGroup;
			children = (
				AA00000CAAAAAA0C0000000C /* MenuBarView.swift */,
				AA00000EAAAAAA0E0000000E /* MainWindowView.swift */,
				AA000025AAAAAA2500000025 /* SettingsTabView.swift */,
				AA000027AAAAAA2700000027 /* ContentContainerView.swift */,
			);
			path = Views;
			sourceTree = "<group>";
		};
		AA000019AAAAAA1900000019 /* Managers */ = {
			isa = PBXGroup;
			children = (
				AA00000AAAAAAA0A0000000A /* TimerManager.swift */,
			);
			path = Managers;
			sourceTree = "<group>";
		};
/* End PBXGroup section */

/* Begin PBXNativeTarget section */
		AA00001AAAAAAA1A0000001A /* Flow */ = {
			isa = PBXNativeTarget;
			buildConfigurationList = AA00001BAAAAAA1B0000001B /* Build configuration list for PBXNativeTarget "Flow" */;
			buildPhases = (
				AA00001CAAAAAA1C0000001C /* Sources */,
				AA000013AAAAAA1300000013 /* Frameworks */,
				AA00001DAAAAAA1D0000001D /* Resources */,
			);
			buildRules = (
			);
			dependencies = (
			);
			name = Flow;
			productName = Flow;
			productReference = AA000011AAAAAA1100000011 /* Flow.app */;
			productType = "com.apple.product-type.application";
		};
/* End PBXNativeTarget section */

/* Begin PBXProject section */
		AA00001EAAAAAA1E0000001E /* Project object */ = {
			isa = PBXProject;
			attributes = {
				BuildIndependentTargetsInParallel = 1;
				LastSwiftUpdateCheck = 1500;
				LastUpgradeCheck = 1500;
				TargetAttributes = {
					AA00001AAAAAAA1A0000001A = {
						CreatedOnToolsVersion = 15.0;
					};
				};
			};
			buildConfigurationList = AA00001FAAAAAA1F0000001F /* Build configuration list for PBXProject "Flow" */;
			compatibilityVersion = "Xcode 14.0";
			developmentRegion = en;
			hasScannedForEncodings = 0;
			knownRegions = (
				en,
				Base,
			);
			mainGroup = AA000014AAAAAA1400000014;
			productRefGroup = AA000016AAAAAA1600000016 /* Products */;
			projectDirPath = "";
			projectRoot = "";
			targets = (
				AA00001AAAAAAA1A0000001A /* Flow */,
			);
		};
/* End PBXProject section */

/* Begin PBXResourcesBuildPhase section */
		AA00001DAAAAAA1D0000001D /* Resources */ = {
			isa = PBXResourcesBuildPhase;
			buildActionMask = 2147483647;
			files = (
				AA000003AAAAAA0300000003 /* Assets.xcassets in Resources */,
			);
			runOnlyForDeploymentPostprocessing = 0;
		};
/* End PBXResourcesBuildPhase section */

/* Begin PBXSourcesBuildPhase section */
		AA00001CAAAAAA1C0000001C /* Sources */ = {
			isa = PBXSourcesBuildPhase;
			buildActionMask = 2147483647;
			files = (
				AA000001AAAAAA0100000001 /* FlowApp.swift in Sources */,
				AA000005AAAAAA0500000005 /* Settings.swift in Sources */,
				AA000007AAAAAA0700000007 /* TimerState.swift in Sources */,
				AA000009AAAAAA0900000009 /* TimerManager.swift in Sources */,
				AA00000BAAAAAA0B0000000B /* MenuBarView.swift in Sources */,
				AA00000DAAAAAA0D0000000D /* MainWindowView.swift in Sources */,
				AA000024AAAAAA2400000024 /* SettingsTabView.swift in Sources */,
				AA000026AAAAAA2600000026 /* ContentContainerView.swift in Sources */,
			);
			runOnlyForDeploymentPostprocessing = 0;
		};
/* End PBXSourcesBuildPhase section */

/* Begin XCBuildConfiguration section */
		AA000020AAAAAA2000000020 /* Debug */ = {
			isa = XCBuildConfiguration;
			buildSettings = {
				ALWAYS_SEARCH_USER_PATHS = NO;
				ASSETCATALOG_COMPILER_GENERATE_SWIFT_ASSET_SYMBOL_EXTENSIONS = YES;
				CLANG_ANALYZER_NONNULL = YES;
				CLANG_ANALYZER_NUMBER_OBJECT_CONVERSION = YES_AGGRESSIVE;
				CLANG_CXX_LANGUAGE_STANDARD = "gnu++20";
				CLANG_ENABLE_MODULES = YES;
				CLANG_ENABLE_OBJC_ARC = YES;
				CLANG_ENABLE_OBJC_WEAK = YES;
				CLANG_WARN_BLOCK_CAPTURE_AUTORELEASING = YES;
				CLANG_WARN_BOOL_CONVERSION = YES;
				CLANG_WARN_COMMA = YES;
				CLANG_WARN_CONSTANT_CONVERSION = YES;
				CLANG_WARN_DEPRECATED_OBJC_IMPLEMENTATIONS = YES;
				CLANG_WARN_DIRECT_OBJC_ISA_USAGE = YES_ERROR;
				CLANG_WARN_DOCUMENTATION_COMMENTS = YES;
				CLANG_WARN_EMPTY_BODY = YES;
				CLANG_WARN_ENUM_CONVERSION = YES;
				CLANG_WARN_INFINITE_RECURSION = YES;
				CLANG_WARN_INT_CONVERSION = YES;
				CLANG_WARN_NON_LITERAL_NULL_CONVERSION = YES;
				CLANG_WARN_OBJC_IMPLICIT_RETAIN_SELF = YES;
				CLANG_WARN_OBJC_LITERAL_CONVERSION = YES;
				CLANG_WARN_OBJC_ROOT_CLASS = YES_ERROR;
				CLANG_WARN_QUOTED_INCLUDE_IN_FRAMEWORK_HEADER = YES;
				CLANG_WARN_RANGE_LOOP_ANALYSIS = YES;
				CLANG_WARN_STRICT_PROTOTYPES = YES;
				CLANG_WARN_SUSPICIOUS_MOVE = YES;
				CLANG_WARN_UNGUARDED_AVAILABILITY = YES_AGGRESSIVE;
				CLANG_WARN_UNREACHABLE_CODE = YES;
				CLANG_WARN__DUPLICATE_METHOD_MATCH = YES;
				COPY_PHASE_STRIP = NO;
				DEBUG_INFORMATION_FORMAT = dwarf;
				ENABLE_STRICT_OBJC_MSGSEND = YES;
				ENABLE_TESTABILITY = YES;
				ENABLE_USER_SCRIPT_SANDBOXING = YES;
				GCC_C_LANGUAGE_STANDARD = gnu17;
				GCC_DYNAMIC_NO_PIC = NO;
				GCC_NO_COMMON_BLOCKS = YES;
				GCC_OPTIMIZATION_LEVEL = 0;
				GCC_PREPROCESSOR_DEFINITIONS = (
					"DEBUG=1",
					"$(inherited)",
				);
				GCC_WARN_64_TO_32_BIT_CONVERSION = YES;
				GCC_WARN_ABOUT_RETURN_TYPE = YES_ERROR;
				GCC_WARN_UNDECLARED_SELECTOR = YES;
				GCC_WARN_UNINITIALIZED_AUTOS = YES_AGGRESSIVE;
				GCC_WARN_UNUSED_FUNCTION = YES;
				GCC_WARN_UNUSED_VARIABLE = YES;
				MACOSX_DEPLOYMENT_TARGET = 15.0;
				MTL_ENABLE_DEBUG_INFO = INCLUDE_SOURCE;
				MTL_FAST_MATH = YES;
				ONLY_ACTIVE_ARCH = YES;
				SDKROOT = macosx;
				SWIFT_ACTIVE_COMPILATION_CONDITIONS = "DEBUG $(inherited)";
				SWIFT_OPTIMIZATION_LEVEL = "-Onone";
			};
			name = Debug;
		};
		AA000021AAAAAA2100000021 /* Release */ = {
			isa = XCBuildConfiguration;
			buildSettings = {
				ALWAYS_SEARCH_USER_PATHS = NO;
				ASSETCATALOG_COMPILER_GENERATE_SWIFT_ASSET_SYMBOL_EXTENSIONS = YES;
				CLANG_ANALYZER_NONNULL = YES;
				CLANG_ANALYZER_NUMBER_OBJECT_CONVERSION = YES_AGGRESSIVE;
				CLANG_CXX_LANGUAGE_STANDARD = "gnu++20";
				CLANG_ENABLE_MODULES = YES;
				CLANG_ENABLE_OBJC_ARC = YES;
				CLANG_ENABLE_OBJC_WEAK = YES;
				CLANG_WARN_BLOCK_CAPTURE_AUTORELEASING = YES;
				CLANG_WARN_BOOL_CONVERSION = YES;
				CLANG_WARN_COMMA = YES;
				CLANG_WARN_CONSTANT_CONVERSION = YES;
				CLANG_WARN_DEPRECATED_OBJC_IMPLEMENTATIONS = YES;
				CLANG_WARN_DIRECT_OBJC_ISA_USAGE = YES_ERROR;
				CLANG_WARN_DOCUMENTATION_COMMENTS = YES;
				CLANG_WARN_EMPTY_BODY = YES;
				CLANG_WARN_ENUM_CONVERSION = YES;
				CLANG_WARN_INFINITE_RECURSION = YES;
				CLANG_WARN_INT_CONVERSION = YES;
				CLANG_WARN_NON_LITERAL_NULL_CONVERSION = YES;
				CLANG_WARN_OBJC_IMPLICIT_RETAIN_SELF = YES;
				CLANG_WARN_OBJC_LITERAL_CONVERSION = YES;
				CLANG_WARN_OBJC_ROOT_CLASS = YES_ERROR;
				CLANG_WARN_QUOTED_INCLUDE_IN_FRAMEWORK_HEADER = YES;
				CLANG_WARN_RANGE_LOOP_ANALYSIS = YES;
				CLANG_WARN_STRICT_PROTOTYPES = YES;
				CLANG_WARN_SUSPICIOUS_MOVE = YES;
				CLANG_WARN_UNGUARDED_AVAILABILITY = YES_AGGRESSIVE;
				CLANG_WARN_UNREACHABLE_CODE = YES;
				CLANG_WARN__DUPLICATE_METHOD_MATCH = YES;
				COPY_PHASE_STRIP = NO;
				DEBUG_INFORMATION_FORMAT = "dwarf-with-dsym";
				ENABLE_NS_ASSERTIONS = NO;
				ENABLE_STRICT_OBJC_MSGSEND = YES;
				ENABLE_USER_SCRIPT_SANDBOXING = YES;
				GCC_C_LANGUAGE_STANDARD = gnu17;
				GCC_NO_COMMON_BLOCKS = YES;
				GCC_WARN_64_TO_32_BIT_CONVERSION = YES;
				GCC_WARN_ABOUT_RETURN_TYPE = YES_ERROR;
				GCC_WARN_UNDECLARED_SELECTOR = YES;
				GCC_WARN_UNINITIALIZED_AUTOS = YES_AGGRESSIVE;
				GCC_WARN_UNUSED_FUNCTION = YES;
				GCC_WARN_UNUSED_VARIABLE = YES;
				MACOSX_DEPLOYMENT_TARGET = 15.0;
				MTL_ENABLE_DEBUG_INFO = NO;
				MTL_FAST_MATH = YES;
				SDKROOT = macosx;
				SWIFT_COMPILATION_MODE = wholemodule;
			};
			name = Release;
		};
		AA000022AAAAAA2200000022 /* Debug */ = {
			isa = XCBuildConfiguration;
			buildSettings = {
				ASSETCATALOG_COMPILER_APPICON_NAME = AppIcon;
				ASSETCATALOG_COMPILER_GLOBAL_ACCENT_COLOR_NAME = AccentColor;
				CODE_SIGN_ENTITLEMENTS = Flow/Flow.entitlements;
				CODE_SIGN_STYLE = Automatic;
				COMBINE_HIDPI_IMAGES = YES;
				CURRENT_PROJECT_VERSION = 1;
				DEVELOPMENT_ASSET_PATHS = "";
				ENABLE_PREVIEWS = YES;
				GENERATE_INFOPLIST_FILE = YES;
				INFOPLIST_KEY_LSApplicationCategoryType = "public.app-category.productivity";
				INFOPLIST_KEY_LSUIElement = YES;
				INFOPLIST_KEY_NSHumanReadableCopyright = "";
				LD_RUNPATH_SEARCH_PATHS = (
					"$(inherited)",
					"@executable_path/../Frameworks",
				);
				MARKETING_VERSION = 1.0;
				PRODUCT_BUNDLE_IDENTIFIER = com.flow2.pomodoro;
				PRODUCT_NAME = Flow2;
				SWIFT_EMIT_LOC_STRINGS = YES;
				SWIFT_VERSION = 5.0;
			};
			name = Debug;
		};
		AA000023AAAAAA2300000023 /* Release */ = {
			isa = XCBuildConfiguration;
			buildSettings = {
				ASSETCATALOG_COMPILER_APPICON_NAME = AppIcon;
				ASSETCATALOG_COMPILER_GLOBAL_ACCENT_COLOR_NAME = AccentColor;
				CODE_SIGN_ENTITLEMENTS = Flow/Flow.entitlements;
				CODE_SIGN_STYLE = Automatic;
				COMBINE_HIDPI_IMAGES = YES;
				CURRENT_PROJECT_VERSION = 1;
				DEVELOPMENT_ASSET_PATHS = "";
				ENABLE_PREVIEWS = YES;
				GENERATE_INFOPLIST_FILE = YES;
				INFOPLIST_KEY_LSApplicationCategoryType = "public.app-category.productivity";
				INFOPLIST_KEY_LSUIElement = YES;
				INFOPLIST_KEY_NSHumanReadableCopyright = "";
				LD_RUNPATH_SEARCH_PATHS = (
					"$(inherited)",
					"@executable_path/../Frameworks",
				);
				MARKETING_VERSION = 1.0;
				PRODUCT_BUNDLE_IDENTIFIER = com.flow2.pomodoro;
				PRODUCT_NAME = Flow2;
				SWIFT_EMIT_LOC_STRINGS = YES;
				SWIFT_VERSION = 5.0;
			};
			name = Release;
		};
/* End XCBuildConfiguration section */

/* Begin XCConfigurationList section */
		AA00001FAAAAAA1F0000001F /* Build configuration list for PBXProject "Flow" */ = {
			isa = XCConfigurationList;
			buildConfigurations = (
				AA000020AAAAAA2000000020 /* Debug */,
				AA000021AAAAAA2100000021 /* Release */,
			);
			defaultConfigurationIsVisible = 0;
			defaultConfigurationName = Release;
		};
		AA00001BAAAAAA1B0000001B /* Build configuration list for PBXNativeTarget "Flow" */ = {
			isa = XCConfigurationList;
			buildConfigurations = (
				AA000022AAAAAA2200000022 /* Debug */,
				AA000023AAAAAA2300000023 /* Release */,
			);
			defaultConfigurationIsVisible = 0;
			defaultConfigurationName = Release;
		};
/* End XCConfigurationList section */
	};
	rootObject = AA00001EAAAAAA1E0000001E /* Project object */;
}
